
Microsoft Visual Studio Solution File, Format Version 12.00
# Visual Studio Version 16
VisualStudioVersion = 16.0.32228.343
MinimumVisualStudioVersion = 10.0.40219.1
Project("{FAE04EC0-301F-11D3-BF4B-00C04F79EFBC}") = "MyMobileApp.UWP", "MyMobileApp.UWP\MyMobileApp.UWP.csproj", "{108B9DA2-C309-42BF-9634-4DA140757D7C}"
EndProject
Project("{FAE04EC0-301F-11D3-BF4B-00C04F79EFBC}") = "MyMobileApp.Android", "MyMobileApp.Android\MyMobileApp.Android.csproj", "{485EC1A9-3625-40B4-862E-392E35C6FCF1}"
EndProject
Project("{FAE04EC0-301F-11D3-BF4B-00C04F79EFBC}") = "MyMobileApp.iOS", "MyMobileApp.iOS\MyMobileApp.iOS.csproj", "{D00E2F61-DF05-4ED0-B84B-161097E7FCCB}"
EndProject
Project("{FAE04EC0-301F-11D3-BF4B-00C04F79EFBC}") = "MyMobileApp", "MyMobileApp\MyMobileApp.csproj", "{A99657FE-E34E-478D-B3AA-3AECA84B5DAC}"
EndProject
Global
	GlobalSection(SolutionConfigurationPlatforms) = preSolution
		Debug|Any CPU = Debug|Any CPU
		Debug|ARM = Debug|ARM
		Debug|iPhone = Debug|iPhone
		Debug|iPhoneSimulator = Debug|iPhoneSimulator
		Debug|x64 = Debug|x64
		Debug|x86 = Debug|x86
		Release|Any CPU = Release|Any CPU
		Release|ARM = Release|ARM
		Release|iPhone = Release|iPhone
		Release|iPhoneSimulator = Release|iPhoneSimulator
		Release|x64 = Release|x64
		Release|x86 = Release|x86
	EndGlobalSection
	GlobalSection(ProjectConfigurationPlatforms) = postSolution
		{108B9DA2-C309-42BF-9634-4DA140757D7C}.Debug|Any CPU.ActiveCfg = Debug|x86
		{108B9DA2-C309-42BF-9634-4DA140757D7C}.Debug|Any CPU.Build.0 = Debug|x86
		{108B9DA2-C309-42BF-9634-4DA140757D7C}.Debug|Any CPU.Deploy.0 = Debug|x86
		{108B9DA2-C309-42BF-9634-4DA140757D7C}.Debug|ARM.ActiveCfg = Debug|ARM
		{108B9DA2-C309-42BF-9634-4DA140757D7C}.Debug|ARM.Build.0 = Debug|ARM
		{108B9DA2-C309-42BF-9634-4DA140757D7C}.Debug|ARM.Deploy.0 = Debug|ARM
		{108B9DA2-C309-42BF-9634-4DA140757D7C}.Debug|iPhone.ActiveCfg = Debug|x86
		{108B9DA2-C309-42BF-9634-4DA140757D7C}.Debug|iPhone.Build.0 = Debug|x86
		{108B9DA2-C309-42BF-9634-4DA140757D7C}.Debug|iPhone.Deploy.0 = Debug|x86
		{108B9DA2-C309-42BF-9634-4DA140757D7C}.Debug|iPhoneSimulator.ActiveCfg = Debug|x86
		{108B9DA2-C309-42BF-9634-4DA140757D7C}.Debug|iPhoneSimulator.Build.0 = Debug|x86
		{108B9DA2-C309-42BF-9634-4DA140757D7C}.Debug|iPhoneSimulator.Deploy.0 = Debug|x86
		{108B9DA2-C309-42BF-9634-4DA140757D7C}.Debug|x64.ActiveCfg = Debug|x64
		{108B9DA2-C309-42BF-9634-4DA140757D7C}.Debug|x64.Build.0 = Debug|x64
		{108B9DA2-C309-42BF-9634-4DA140757D7C}.Debug|x64.Deploy.0 = Debug|x64
		{108B9DA2-C309-42BF-9634-4DA140757D7C}.Debug|x86.ActiveCfg = Debug|x86
		{108B9DA2-C309-42BF-9634-4DA140757D7C}.Debug|x86.Build.0 = Debug|x86
		{108B9DA2-C309-42BF-9634-4DA140757D7C}.Debug|x86.Deploy.0 = Debug|x86
		{108B9DA2-C309-42BF-9634-4DA140757D7C}.Release|Any CPU.ActiveCfg = Release|x86
		{108B9DA2-C309-42BF-9634-4DA140757D7C}.Release|Any CPU.Build.0 = Release|x86
		{108B9DA2-C309-42BF-9634-4DA140757D7C}.Release|Any CPU.Deploy.0 = Release|x86
		{108B9DA2-C309-42BF-9634-4DA140757D7C}.Release|ARM.ActiveCfg = Release|ARM
		{108B9DA2-C309-42BF-9634-4DA140757D7C}.Release|ARM.Build.0 = Release|ARM
		{108B9DA2-C309-42BF-9634-4DA140757D7C}.Release|ARM.Deploy.0 = Release|ARM
		{108B9DA2-C309-42BF-9634-4DA140757D7C}.Release|iPhone.ActiveCfg = Release|x86
		{108B9DA2-C309-42BF-9634-4DA140757D7C}.Release|iPhone.Build.0 = Release|x86
		{108B9DA2-C309-42BF-9634-4DA140757D7C}.Release|iPhone.Deploy.0 = Release|x86
		{108B9DA2-C309-42BF-9634-4DA140757D7C}.Release|iPhoneSimulator.ActiveCfg = Release|x86
		{108B9DA2-C309-42BF-9634-4DA140757D7C}.Release|iPhoneSimulator.Build.0 = Release|x86
		{108B9DA2-C309-42BF-9634-4DA140757D7C}.Release|iPhoneSimulator.Deploy.0 = Release|x86
		{108B9DA2-C309-42BF-9634-4DA140757D7C}.Release|x64.ActiveCfg = Release|x64
		{108B9DA2-C309-42BF-9634-4DA140757D7C}.Release|x64.Build.0 = Release|x64
		{108B9DA2-C309-42BF-9634-4DA140757D7C}.Release|x64.Deploy.0 = Release|x64
		{108B9DA2-C309-42BF-9634-4DA140757D7C}.Release|x86.ActiveCfg = Release|x86
		{108B9DA2-C309-42BF-9634-4DA140757D7C}.Release|x86.Build.0 = Release|x86
		{108B9DA2-C309-42BF-9634-4DA140757D7C}.Release|x86.Deploy.0 = Release|x86
		{485EC1A9-3625-40B4-862E-392E35C6FCF1}.Debug|Any CPU.ActiveCfg = Debug|Any CPU
		{485EC1A9-3625-40B4-862E-392E35C6FCF1}.Debug|Any CPU.Build.0 = Debug|Any CPU
		{485EC1A9-3625-40B4-862E-392E35C6FCF1}.Debug|Any CPU.Deploy.0 = Debug|Any CPU
		{485EC1A9-3625-40B4-862E-392E35C6FCF1}.Debug|ARM.ActiveCfg = Debug|Any CPU
		{485EC1A9-3625-40B4-862E-392E35C6FCF1}.Debug|ARM.Build.0 = Debug|Any CPU
		{485EC1A9-3625-40B4-862E-392E35C6FCF1}.Debug|ARM.Deploy.0 = Debug|Any CPU
		{485EC1A9-3625-40B4-862E-392E35C6FCF1}.Debug|iPhone.ActiveCfg = Debug|Any CPU
		{485EC1A9-3625-40B4-862E-392E35C6FCF1}.Debug|iPhone.Build.0 = Debug|Any CPU
		{485EC1A9-3625-40B4-862E-392E35C6FCF1}.Debug|iPhone.Deploy.0 = Debug|Any CPU
		{485EC1A9-3625-40B4-862E-392E35C6FCF1}.Debug|iPhoneSimulator.ActiveCfg = Debug|Any CPU
		{485EC1A9-3625-40B4-862E-392E35C6FCF1}.Debug|iPhoneSimulator.Build.0 = Debug|Any CPU
		{485EC1A9-3625-40B4-862E-392E35C6FCF1}.Debug|iPhoneSimulator.Deploy.0 = Debug|Any CPU
		{485EC1A9-3625-40B4-862E-392E35C6FCF1}.Debug|x64.ActiveCfg = Debug|Any CPU
		{485EC1A9-3625-40B4-862E-392E35C6FCF1}.Debug|x64.Build.0 = Debug|Any CPU
		{485EC1A9-3625-40B4-862E-392E35C6FCF1}.Debug|x64.Deploy.0 = Debug|Any CPU
		{485EC1A9-3625-40B4-862E-392E35C6FCF1}.Debug|x86.ActiveCfg = Debug|Any CPU
		{485EC1A9-3625-40B4-862E-392E35C6FCF1}.Debug|x86.Build.0 = Debug|Any CPU
		{485EC1A9-3625-40B4-862E-392E35C6FCF1}.Debug|x86.Deploy.0 = Debug|Any CPU
		{485EC1A9-3625-40B4-862E-392E35C6FCF1}.Release|Any CPU.ActiveCfg = Release|Any CPU
		{485EC1A9-3625-40B4-862E-392E35C6FCF1}.Release|Any CPU.Build.0 = Release|Any CPU
		{485EC1A9-3625-40B4-862E-392E35C6FCF1}.Release|Any CPU.Deploy.0 = Release|Any CPU
		{485EC1A9-3625-40B4-862E-392E35C6FCF1}.Release|ARM.ActiveCfg = Release|Any CPU
		{485EC1A9-3625-40B4-862E-392E35C6FCF1}.Release|ARM.Build.0 = Release|Any CPU
		{485EC1A9-3625-40B4-862E-392E35C6FCF1}.Release|ARM.Deploy.0 = Release|Any CPU
		{485EC1A9-3625-40B4-862E-392E35C6FCF1}.Release|iPhone.ActiveCfg = Release|Any CPU
		{485EC1A9-3625-40B4-862E-392E35C6FCF1}.Release|iPhone.Build.0 = Release|Any CPU
		{485EC1A9-3625-40B4-862E-392E35C6FCF1}.Release|iPhone.Deploy.0 = Release|Any CPU
		{485EC1A9-3625-40B4-862E-392E35C6FCF1}.Release|iPhoneSimulator.ActiveCfg = Release|Any CPU
		{485EC1A9-3625-40B4-862E-392E35C6FCF1}.Release|iPhoneSimulator.Build.0 = Release|Any CPU
		{485EC1A9-3625-40B4-862E-392E35C6FCF1}.Release|iPhoneSimulator.Deploy.0 = Release|Any CPU
		{485EC1A9-3625-40B4-862E-392E35C6FCF1}.Release|x64.ActiveCfg = Release|Any CPU
		{485EC1A9-3625-40B4-862E-392E35C6FCF1}.Release|x64.Build.0 = Release|Any CPU
		{485EC1A9-3625-40B4-862E-392E35C6FCF1}.Release|x64.Deploy.0 = Release|Any CPU
		{485EC1A9-3625-40B4-862E-392E35C6FCF1}.Release|x86.ActiveCfg = Release|Any CPU
		{485EC1A9-3625-40B4-862E-392E35C6FCF1}.Release|x86.Build.0 = Release|Any CPU
		{485EC1A9-3625-40B4-862E-392E35C6FCF1}.Release|x86.Deploy.0 = Release|Any CPU
		{D00E2F61-DF05-4ED0-B84B-161097E7FCCB}.Debug|Any CPU.ActiveCfg = Debug|iPhoneSimulator
		{D00E2F61-DF05-4ED0-B84B-161097E7FCCB}.Debug|Any CPU.Build.0 = Debug|iPhoneSimulator
		{D00E2F61-DF05-4ED0-B84B-161097E7FCCB}.Debug|Any CPU.Deploy.0 = Debug|iPhoneSimulator
		{D00E2F61-DF05-4ED0-B84B-161097E7FCCB}.Debug|ARM.ActiveCfg = Debug|iPhone
		{D00E2F61-DF05-4ED0-B84B-161097E7FCCB}.Debug|ARM.Build.0 = Debug|iPhone
		{D00E2F61-DF05-4ED0-B84B-161097E7FCCB}.Debug|ARM.Deploy.0 = Debug|iPhone
		{D00E2F61-DF05-4ED0-B84B-161097E7FCCB}.Debug|iPhone.ActiveCfg = Debug|iPhone
		{D00E2F61-DF05-4ED0-B84B-161097E7FCCB}.Debug|iPhone.Build.0 = Debug|iPhone
		{D00E2F61-DF05-4ED0-B84B-161097E7FCCB}.Debug|iPhone.Deploy.0 = Debug|iPhone
		{D00E2F61-DF05-4ED0-B84B-161097E7FCCB}.Debug|iPhoneSimulator.ActiveCfg = Debug|iPhoneSimulator
		{D00E2F61-DF05-4ED0-B84B-161097E7FCCB}.Debug|iPhoneSimulator.Build.0 = Debug|iPhoneSimulator
		{D00E2F61-DF05-4ED0-B84B-161097E7FCCB}.Debug|iPhoneSimulator.Deploy.0 = Debug|iPhoneSimulator
		{D00E2F61-DF05-4ED0-B84B-161097E7FCCB}.Debug|x64.ActiveCfg = Debug|iPhoneSimulator
		{D00E2F61-DF05-4ED0-B84B-161097E7FCCB}.Debug|x64.Build.0 = Debug|iPhoneSimulator
		{D00E2F61-DF05-4ED0-B84B-161097E7FCCB}.Debug|x64.Deploy.0 = Debug|iPhoneSimulator
		{D00E2F61-DF05-4ED0-B84B-161097E7FCCB}.Debug|x86.ActiveCfg = Debug|iPhoneSimulator
		{D00E2F61-DF05-4ED0-B84B-161097E7FCCB}.Debug|x86.Build.0 = Debug|iPhoneSimulator
		{D00E2F61-DF05-4ED0-B84B-161097E7FCCB}.Debug|x86.Deploy.0 = Debug|iPhoneSimulator
		{D00E2F61-DF05-4ED0-B84B-161097E7FCCB}.Release|Any CPU.ActiveCfg = Release|iPhoneSimulator
		{D00E2F61-DF05-4ED0-B84B-161097E7FCCB}.Release|Any CPU.Build.0 = Release|iPhoneSimulator
		{D00E2F61-DF05-4ED0-B84B-161097E7FCCB}.Release|Any CPU.Deploy.0 = Release|iPhoneSimulator
		{D00E2F61-DF05-4ED0-B84B-161097E7FCCB}.Release|ARM.ActiveCfg = Release|iPhoneSimulator
		{D00E2F61-DF05-4ED0-B84B-161097E7FCCB}.Release|ARM.Build.0 = Release|iPhoneSimulator
		{D00E2F61-DF05-4ED0-B84B-161097E7FCCB}.Release|ARM.Deploy.0 = Release|iPhoneSimulator
		{D00E2F61-DF05-4ED0-B84B-161097E7FCCB}.Release|iPhone.ActiveCfg = Release|iPhone
		{D00E2F61-DF05-4ED0-B84B-161097E7FCCB}.Release|iPhone.Build.0 = Release|iPhone
		{D00E2F61-DF05-4ED0-B84B-161097E7FCCB}.Release|iPhone.Deploy.0 = Release|iPhone
		{D00E2F61-DF05-4ED0-B84B-161097E7FCCB}.Release|iPhoneSimulator.ActiveCfg = Release|iPhoneSimulator
		{D00E2F61-DF05-4ED0-B84B-161097E7FCCB}.Release|iPhoneSimulator.Build.0 = Release|iPhoneSimulator
		{D00E2F61-DF05-4ED0-B84B-161097E7FCCB}.Release|iPhoneSimulator.Deploy.0 = Release|iPhoneSimulator
		{D00E2F61-DF05-4ED0-B84B-161097E7FCCB}.Release|x64.ActiveCfg = Release|iPhoneSimulator
		{D00E2F61-DF05-4ED0-B84B-161097E7FCCB}.Release|x64.Build.0 = Release|iPhoneSimulator
		{D00E2F61-DF05-4ED0-B84B-161097E7FCCB}.Release|x64.Deploy.0 = Release|iPhoneSimulator
		{D00E2F61-DF05-4ED0-B84B-161097E7FCCB}.Release|x86.ActiveCfg = Release|iPhoneSimulator
		{D00E2F61-DF05-4ED0-B84B-161097E7FCCB}.Release|x86.Build.0 = Release|iPhoneSimulator
		{D00E2F61-DF05-4ED0-B84B-161097E7FCCB}.Release|x86.Deploy.0 = Release|iPhoneSimulator
		{A99657FE-E34E-478D-B3AA-3AECA84B5DAC}.Debug|Any CPU.ActiveCfg = Debug|Any CPU
		{A99657FE-E34E-478D-B3AA-3AECA84B5DAC}.Debug|Any CPU.Build.0 = Debug|Any CPU
		{A99657FE-E34E-478D-B3AA-3AECA84B5DAC}.Debug|Any CPU.Deploy.0 = Debug|Any CPU
		{A99657FE-E34E-478D-B3AA-3AECA84B5DAC}.Debug|ARM.ActiveCfg = Debug|Any CPU
		{A99657FE-E34E-478D-B3AA-3AECA84B5DAC}.Debug|ARM.Build.0 = Debug|Any CPU
		{A99657FE-E34E-478D-B3AA-3AECA84B5DAC}.Debug|ARM.Deploy.0 = Debug|Any CPU
		{A99657FE-E34E-478D-B3AA-3AECA84B5DAC}.Debug|iPhone.ActiveCfg = Debug|Any CPU
		{A99657FE-E34E-478D-B3AA-3AECA84B5DAC}.Debug|iPhone.Build.0 = Debug|Any CPU
		{A99657FE-E34E-478D-B3AA-3AECA84B5DAC}.Debug|iPhone.Deploy.0 = Debug|Any CPU
		{A99657FE-E34E-478D-B3AA-3AECA84B5DAC}.Debug|iPhoneSimulator.ActiveCfg = Debug|Any CPU
		{A99657FE-E34E-478D-B3AA-3AECA84B5DAC}.Debug|iPhoneSimulator.Build.0 = Debug|Any CPU
		{A99657FE-E34E-478D-B3AA-3AECA84B5DAC}.Debug|iPhoneSimulator.Deploy.0 = Debug|Any CPU
		{A99657FE-E34E-478D-B3AA-3AECA84B5DAC}.Debug|x64.ActiveCfg = Debug|Any CPU
		{A99657FE-E34E-478D-B3AA-3AECA84B5DAC}.Debug|x64.Build.0 = Debug|Any CPU
		{A99657FE-E34E-478D-B3AA-3AECA84B5DAC}.Debug|x64.Deploy.0 = Debug|Any CPU
		{A99657FE-E34E-478D-B3AA-3AECA84B5DAC}.Debug|x86.ActiveCfg = Debug|Any CPU
		{A99657FE-E34E-478D-B3AA-3AECA84B5DAC}.Debug|x86.Build.0 = Debug|Any CPU
		{A99657FE-E34E-478D-B3AA-3AECA84B5DAC}.Debug|x86.Deploy.0 = Debug|Any CPU
		{A99657FE-E34E-478D-B3AA-3AECA84B5DAC}.Release|Any CPU.ActiveCfg = Release|Any CPU
		{A99657FE-E34E-478D-B3AA-3AECA84B5DAC}.Release|Any CPU.Build.0 = Release|Any CPU
		{A99657FE-E34E-478D-B3AA-3AECA84B5DAC}.Release|Any CPU.Deploy.0 = Release|Any CPU
		{A99657FE-E34E-478D-B3AA-3AECA84B5DAC}.Release|ARM.ActiveCfg = Release|Any CPU
		{A99657FE-E34E-478D-B3AA-3AECA84B5DAC}.Release|ARM.Build.0 = Release|Any CPU
		{A99657FE-E34E-478D-B3AA-3AECA84B5DAC}.Release|ARM.Deploy.0 = Release|Any CPU
		{A99657FE-E34E-478D-B3AA-3AECA84B5DAC}.Release|iPhone.ActiveCfg = Release|Any CPU
		{A99657FE-E34E-478D-B3AA-3AECA84B5DAC}.Release|iPhone.Build.0 = Release|Any CPU
		{A99657FE-E34E-478D-B3AA-3AECA84B5DAC}.Release|iPhone.Deploy.0 = Release|Any CPU
		{A99657FE-E34E-478D-B3AA-3AECA84B5DAC}.Release|iPhoneSimulator.ActiveCfg = Release|Any CPU
		{A99657FE-E34E-478D-B3AA-3AECA84B5DAC}.Release|iPhoneSimulator.Build.0 = Release|Any CPU
		{A99657FE-E34E-478D-B3AA-3AECA84B5DAC}.Release|iPhoneSimulator.Deploy.0 = Release|Any CPU
		{A99657FE-E34E-478D-B3AA-3AECA84B5DAC}.Release|x64.ActiveCfg = Release|Any CPU
		{A99657FE-E34E-478D-B3AA-3AECA84B5DAC}.Release|x64.Build.0 = Release|Any CPU
		{A99657FE-E34E-478D-B3AA-3AECA84B5DAC}.Release|x64.Deploy.0 = Release|Any CPU
		{A99657FE-E34E-478D-B3AA-3AECA84B5DAC}.Release|x86.ActiveCfg = Release|Any CPU
		{A99657FE-E34E-478D-B3AA-3AECA84B5DAC}.Release|x86.Build.0 = Release|Any CPU
		{A99657FE-E34E-478D-B3AA-3AECA84B5DAC}.Release|x86.Deploy.0 = Release|Any CPU
	EndGlobalSection
	GlobalSection(SolutionProperties) = preSolution
		HideSolutionNode = FALSE
	EndGlobalSection
	GlobalSection(ExtensibilityGlobals) = postSolution
		SolutionGuid = {3A807E31-9EB5-4B2F-ACB9-40CAC431D2E7}
	EndGlobalSection
EndGlobal
